
Microsoft Visual Studio Solution File, Format Version 12.00
# Visual Studio Version 17
VisualStudioVersion = 17.3.32922.545
MinimumVisualStudioVersion = 10.0.40219.1
Project("{FAE04EC0-301F-11D3-BF4B-00C04F79EFBC}") = "Test", "Test\Test.csproj", "{27286F81-80CD-4865-A428-AEF7EA31E9B6}"
EndProject
Global
	GlobalSection(SolutionConfigurationPlatforms) = preSolution
		Debug|Any CPU = Debug|Any CPU
		Release|Any CPU = Release|Any CPU
	EndGlobalSection
	GlobalSection(ProjectConfigurationPlatforms) = postSolution
		{27286F81-80CD-4865-A428-AEF7EA31E9B6}.Debug|Any CPU.ActiveCfg = Debug|Any CPU
		{27286F81-80CD-4865-A428-AEF7EA31E9B6}.Debug|Any CPU.Build.0 = Debug|Any CPU
		{27286F81-80CD-4865-A428-AEF7EA31E9B6}.Release|Any CPU.ActiveCfg = Release|Any CPU
		{27286F81-80CD-4865-A428-AEF7EA31E9B6}.Release|Any CPU.Build.0 = Release|Any CPU
	EndGlobalSection
	GlobalSection(SolutionProperties) = preSolution
		HideSolutionNode = FALSE
	EndGlobalSection
	GlobalSection(ExtensibilityGlobals) = postSolution
		SolutionGuid = {13580366-8D84-4E99-8086-62361E5FF796}
	EndGlobalSection
EndGlobal
