
Microsoft Visual Studio Solution File, Format Version 12.00
# Visual Studio Version 17
VisualStudioVersion = 17.3.32922.545
MinimumVisualStudioVersion = 10.0.40219.1
Project("{FAE04EC0-301F-11D3-BF4B-00C04F79EFBC}") = "MVP_project", "MVP_project\MVP_project.csproj", "{ED107E26-1DB0-4558-B965-FEE6E6A3816C}"
EndProject
Global
	GlobalSection(SolutionConfigurationPlatforms) = preSolution
		Debug|Any CPU = Debug|Any CPU
		Release|Any CPU = Release|Any CPU
	EndGlobalSection
	GlobalSection(ProjectConfigurationPlatforms) = postSolution
		{ED107E26-1DB0-4558-B965-FEE6E6A3816C}.Debug|Any CPU.ActiveCfg = Debug|Any CPU
		{ED107E26-1DB0-4558-B965-FEE6E6A3816C}.Debug|Any CPU.Build.0 = Debug|Any CPU
		{ED107E26-1DB0-4558-B965-FEE6E6A3816C}.Release|Any CPU.ActiveCfg = Release|Any CPU
		{ED107E26-1DB0-4558-B965-FEE6E6A3816C}.Release|Any CPU.Build.0 = Release|Any CPU
	EndGlobalSection
	GlobalSection(SolutionProperties) = preSolution
		HideSolutionNode = FALSE
	EndGlobalSection
	GlobalSection(ExtensibilityGlobals) = postSolution
		SolutionGuid = {3AEB3745-E897-46D9-AC94-BBBAB2F51551}
	EndGlobalSection
EndGlobal
