
Microsoft Visual Studio Solution File, Format Version 12.00
# Visual Studio Version 17
VisualStudioVersion = 17.3.32922.545
MinimumVisualStudioVersion = 10.0.40219.1
Project("{FAE04EC0-301F-11D3-BF4B-00C04F79EFBC}") = "ADO-first-hw", "ADO-first-hw\ADO-first-hw.csproj", "{B631EFB0-A126-491B-A590-D6C7CD63476A}"
EndProject
Global
	GlobalSection(SolutionConfigurationPlatforms) = preSolution
		Debug|Any CPU = Debug|Any CPU
		Release|Any CPU = Release|Any CPU
	EndGlobalSection
	GlobalSection(ProjectConfigurationPlatforms) = postSolution
		{B631EFB0-A126-491B-A590-D6C7CD63476A}.Debug|Any CPU.ActiveCfg = Debug|Any CPU
		{B631EFB0-A126-491B-A590-D6C7CD63476A}.Debug|Any CPU.Build.0 = Debug|Any CPU
		{B631EFB0-A126-491B-A590-D6C7CD63476A}.Release|Any CPU.ActiveCfg = Release|Any CPU
		{B631EFB0-A126-491B-A590-D6C7CD63476A}.Release|Any CPU.Build.0 = Release|Any CPU
	EndGlobalSection
	GlobalSection(SolutionProperties) = preSolution
		HideSolutionNode = FALSE
	EndGlobalSection
	GlobalSection(ExtensibilityGlobals) = postSolution
		SolutionGuid = {72BC63EF-3593-4EA0-9920-ECD2796F0C27}
	EndGlobalSection
EndGlobal
