
Microsoft Visual Studio Solution File, Format Version 12.00
# Visual Studio Version 17
VisualStudioVersion = 17.3.32922.545
MinimumVisualStudioVersion = 10.0.40219.1
Project("{FAE04EC0-301F-11D3-BF4B-00C04F79EFBC}") = "FTPwpf", "FTPwpf\FTPwpf.csproj", "{9BFF261C-EC17-4592-9186-B19E0A1B4BF8}"
EndProject
Global
	GlobalSection(SolutionConfigurationPlatforms) = preSolution
		Debug|Any CPU = Debug|Any CPU
		Release|Any CPU = Release|Any CPU
	EndGlobalSection
	GlobalSection(ProjectConfigurationPlatforms) = postSolution
		{9BFF261C-EC17-4592-9186-B19E0A1B4BF8}.Debug|Any CPU.ActiveCfg = Debug|Any CPU
		{9BFF261C-EC17-4592-9186-B19E0A1B4BF8}.Debug|Any CPU.Build.0 = Debug|Any CPU
		{9BFF261C-EC17-4592-9186-B19E0A1B4BF8}.Release|Any CPU.ActiveCfg = Release|Any CPU
		{9BFF261C-EC17-4592-9186-B19E0A1B4BF8}.Release|Any CPU.Build.0 = Release|Any CPU
	EndGlobalSection
	GlobalSection(SolutionProperties) = preSolution
		HideSolutionNode = FALSE
	EndGlobalSection
	GlobalSection(ExtensibilityGlobals) = postSolution
		SolutionGuid = {9B68E8C2-2A85-4012-91AC-FE2E863926CE}
	EndGlobalSection
EndGlobal
