
Microsoft Visual Studio Solution File, Format Version 12.00
# Visual Studio Version 17
VisualStudioVersion = 17.3.32922.545
MinimumVisualStudioVersion = 10.0.40219.1
Project("{FAE04EC0-301F-11D3-BF4B-00C04F79EFBC}") = "FacadePattern", "FacadePattern\FacadePattern.csproj", "{E239CAF8-ABA0-4518-9A27-624D84F2DEB6}"
EndProject
Global
	GlobalSection(SolutionConfigurationPlatforms) = preSolution
		Debug|Any CPU = Debug|Any CPU
		Release|Any CPU = Release|Any CPU
	EndGlobalSection
	GlobalSection(ProjectConfigurationPlatforms) = postSolution
		{E239CAF8-ABA0-4518-9A27-624D84F2DEB6}.Debug|Any CPU.ActiveCfg = Debug|Any CPU
		{E239CAF8-ABA0-4518-9A27-624D84F2DEB6}.Debug|Any CPU.Build.0 = Debug|Any CPU
		{E239CAF8-ABA0-4518-9A27-624D84F2DEB6}.Release|Any CPU.ActiveCfg = Release|Any CPU
		{E239CAF8-ABA0-4518-9A27-624D84F2DEB6}.Release|Any CPU.Build.0 = Release|Any CPU
	EndGlobalSection
	GlobalSection(SolutionProperties) = preSolution
		HideSolutionNode = FALSE
	EndGlobalSection
	GlobalSection(ExtensibilityGlobals) = postSolution
		SolutionGuid = {B02B0E64-FBCF-4D57-A084-59B073956BD3}
	EndGlobalSection
EndGlobal
